// !$*UTF8*$!
{
	archiveVersion = 1;
	classes = {
	};
	objectVersion = 55;
	objects = {

/* Begin PBXBuildFile section */
		1D2AB6F7B010CC2842D8328A /* Pods_MoneyManagementApp.framework in Frameworks */ = {isa = PBXBuildFile; fileRef = EC88FADAC7D912CEBC421A75 /* Pods_MoneyManagementApp.framework */; };
		A56D1CAD28770D0B008A508A /* AppDelegate.swift in Sources */ = {isa = PBXBuildFile; fileRef = A56D1CAC28770D0B008A508A /* AppDelegate.swift */; };
		A56D1CB728770D0B008A508A /* MoneyManagementApp.xcdatamodeld in Sources */ = {isa = PBXBuildFile; fileRef = A56D1CB528770D0B008A508A /* MoneyManagementApp.xcdatamodeld */; };
		A56D1CB928770D0C008A508A /* Assets.xcassets in Resources */ = {isa = PBXBuildFile; fileRef = A56D1CB828770D0C008A508A /* Assets.xcassets */; };
		A56D1CBC28770D0C008A508A /* LaunchScreen.storyboard in Resources */ = {isa = PBXBuildFile; fileRef = A56D1CBA28770D0C008A508A /* LaunchScreen.storyboard */; };
		A56D1CC728770F39008A508A /* Extension+UIColor.swift in Sources */ = {isa = PBXBuildFile; fileRef = A56D1CC628770F39008A508A /* Extension+UIColor.swift */; };
		A56D1CCC287713F4008A508A /* Extension+UIFont.swift in Sources */ = {isa = PBXBuildFile; fileRef = A56D1CCB287713F4008A508A /* Extension+UIFont.swift */; };
		A56D1CCF287715D5008A508A /* ConvertHelper.swift in Sources */ = {isa = PBXBuildFile; fileRef = A56D1CCE287715D5008A508A /* ConvertHelper.swift */; };
		A56D1CD228771CBC008A508A /* NormalLabel.swift in Sources */ = {isa = PBXBuildFile; fileRef = A56D1CD128771CBC008A508A /* NormalLabel.swift */; };
		A56D1CD52879F1FA008A508A /* LoginVC.swift in Sources */ = {isa = PBXBuildFile; fileRef = A56D1CD32879F1FA008A508A /* LoginVC.swift */; };
		A56D1CD62879F1FA008A508A /* LoginVC.xib in Resources */ = {isa = PBXBuildFile; fileRef = A56D1CD42879F1FA008A508A /* LoginVC.xib */; };
		A56D1CD9287A7734008A508A /* SignupVC.swift in Sources */ = {isa = PBXBuildFile; fileRef = A56D1CD7287A7734008A508A /* SignupVC.swift */; };
		A56D1CDA287A7734008A508A /* SignupVC.xib in Resources */ = {isa = PBXBuildFile; fileRef = A56D1CD8287A7734008A508A /* SignupVC.xib */; };
		A56D1CDD287AD360008A508A /* HomeVC.swift in Sources */ = {isa = PBXBuildFile; fileRef = A56D1CDB287AD360008A508A /* HomeVC.swift */; };
		A56D1CDE287AD360008A508A /* HomeVC.xib in Resources */ = {isa = PBXBuildFile; fileRef = A56D1CDC287AD360008A508A /* HomeVC.xib */; };
		A56D1CE1287C755C008A508A /* GoogleService-Info.plist in Resources */ = {isa = PBXBuildFile; fileRef = A56D1CE0287C755C008A508A /* GoogleService-Info.plist */; };
		DA7BB06A287FF42E0068F257 /* CategoryTBVC.swift in Sources */ = {isa = PBXBuildFile; fileRef = DA7BB068287FF42E0068F257 /* CategoryTBVC.swift */; };
		DA7BB06B287FF42E0068F257 /* CategoryTBVC.xib in Resources */ = {isa = PBXBuildFile; fileRef = DA7BB069287FF42E0068F257 /* CategoryTBVC.xib */; };
		DA7BB06E287FF7960068F257 /* ModelCategory.swift in Sources */ = {isa = PBXBuildFile; fileRef = DA7BB06D287FF7960068F257 /* ModelCategory.swift */; };
		DA7BB070288131F20068F257 /* ModelTransaction.swift in Sources */ = {isa = PBXBuildFile; fileRef = DA7BB06F288131F20068F257 /* ModelTransaction.swift */; };
		DA7BB0732884FC380068F257 /* HistoryVC.swift in Sources */ = {isa = PBXBuildFile; fileRef = DA7BB0712884FC380068F257 /* HistoryVC.swift */; };
		DA7BB0742884FC380068F257 /* HistoryVC.xib in Resources */ = {isa = PBXBuildFile; fileRef = DA7BB0722884FC380068F257 /* HistoryVC.xib */; };
		DA7BB07928851E720068F257 /* MonthTBVC.swift in Sources */ = {isa = PBXBuildFile; fileRef = DA7BB07728851E720068F257 /* MonthTBVC.swift */; };
		DA7BB07A28851E720068F257 /* MonthTBVC.xib in Resources */ = {isa = PBXBuildFile; fileRef = DA7BB07828851E720068F257 /* MonthTBVC.xib */; };
		DA7BB07D28865F450068F257 /* ChartTBVC.swift in Sources */ = {isa = PBXBuildFile; fileRef = DA7BB07C28865F450068F257 /* ChartTBVC.swift */; };
		DA7BB08528868F670068F257 /* ModelCategories.swift in Sources */ = {isa = PBXBuildFile; fileRef = DA7BB08428868F670068F257 /* ModelCategories.swift */; };
		DA98AA72287D527000434125 /* ReportVC.swift in Sources */ = {isa = PBXBuildFile; fileRef = DA98AA70287D527000434125 /* ReportVC.swift */; };
		DA98AA73287D527000434125 /* ReportVC.xib in Resources */ = {isa = PBXBuildFile; fileRef = DA98AA71287D527000434125 /* ReportVC.xib */; };
		DA98AA76287D52C600434125 /* AddTransactionVC.swift in Sources */ = {isa = PBXBuildFile; fileRef = DA98AA74287D52C600434125 /* AddTransactionVC.swift */; };
		DA98AA77287D52C600434125 /* AddTransactionVC.xib in Resources */ = {isa = PBXBuildFile; fileRef = DA98AA75287D52C600434125 /* AddTransactionVC.xib */; };
		DA98AA7A287D52DC00434125 /* WalletVC.swift in Sources */ = {isa = PBXBuildFile; fileRef = DA98AA78287D52DC00434125 /* WalletVC.swift */; };
		DA98AA7B287D52DC00434125 /* WalletVC.xib in Resources */ = {isa = PBXBuildFile; fileRef = DA98AA79287D52DC00434125 /* WalletVC.xib */; };
		DA98AA7E287D52F800434125 /* AccountVC.swift in Sources */ = {isa = PBXBuildFile; fileRef = DA98AA7C287D52F800434125 /* AccountVC.swift */; };
		DA98AA7F287D52F800434125 /* AccountVC.xib in Resources */ = {isa = PBXBuildFile; fileRef = DA98AA7D287D52F800434125 /* AccountVC.xib */; };
		DA98AA82287D540000434125 /* CustomTabBarController.swift in Sources */ = {isa = PBXBuildFile; fileRef = DA98AA80287D540000434125 /* CustomTabBarController.swift */; };
		DA98AA88287D773700434125 /* AccountTBVC.swift in Sources */ = {isa = PBXBuildFile; fileRef = DA98AA86287D773700434125 /* AccountTBVC.swift */; };
		DA98AA89287D773700434125 /* AccountTBVC.xib in Resources */ = {isa = PBXBuildFile; fileRef = DA98AA87287D773700434125 /* AccountTBVC.xib */; };
		DA98AA93287E707000434125 /* AdsTBVC.swift in Sources */ = {isa = PBXBuildFile; fileRef = DA98AA91287E707000434125 /* AdsTBVC.swift */; };
		DA98AA94287E707000434125 /* AdsTBVC.xib in Resources */ = {isa = PBXBuildFile; fileRef = DA98AA92287E707000434125 /* AdsTBVC.xib */; };
		DA98AA97287E710C00434125 /* AdsCVC.swift in Sources */ = {isa = PBXBuildFile; fileRef = DA98AA95287E710C00434125 /* AdsCVC.swift */; };
		DA98AA98287E710C00434125 /* AdsCVC.xib in Resources */ = {isa = PBXBuildFile; fileRef = DA98AA96287E710C00434125 /* AdsCVC.xib */; };
		DA98AA9D287E7A2B00434125 /* ads1.png in Resources */ = {isa = PBXBuildFile; fileRef = DA98AA9B287E7A2A00434125 /* ads1.png */; };
		DA98AA9E287E7A2B00434125 /* ads2.png in Resources */ = {isa = PBXBuildFile; fileRef = DA98AA9C287E7A2B00434125 /* ads2.png */; };
		DA98AAA1287E7E3F00434125 /* IncomeExpenseTBVC.swift in Sources */ = {isa = PBXBuildFile; fileRef = DA98AA9F287E7E3F00434125 /* IncomeExpenseTBVC.swift */; };
		DA98AAA2287E7E3F00434125 /* IncomeExpenseTBVC.xib in Resources */ = {isa = PBXBuildFile; fileRef = DA98AAA0287E7E3F00434125 /* IncomeExpenseTBVC.xib */; };
		DA98AAA5287E809000434125 /* TransactionTBVC.swift in Sources */ = {isa = PBXBuildFile; fileRef = DA98AAA3287E809000434125 /* TransactionTBVC.swift */; };
		DA98AAA6287E809000434125 /* TransactionTBVC.xib in Resources */ = {isa = PBXBuildFile; fileRef = DA98AAA4287E809000434125 /* TransactionTBVC.xib */; };
		DA98AAB6287FF38700434125 /* CategoryVC.swift in Sources */ = {isa = PBXBuildFile; fileRef = DA98AAB4287FF38700434125 /* CategoryVC.swift */; };
		DA98AAB7287FF38700434125 /* CategoryVC.xib in Resources */ = {isa = PBXBuildFile; fileRef = DA98AAB5287FF38700434125 /* CategoryVC.xib */; };
		DAF14ADC2887B04300A8C09A /* CategoryJSON.json in Resources */ = {isa = PBXBuildFile; fileRef = DAF14ADB2887B04300A8C09A /* CategoryJSON.json */; };
		DAF14ADE2887F27A00A8C09A /* JSONKey.swift in Sources */ = {isa = PBXBuildFile; fileRef = DAF14ADD2887F27A00A8C09A /* JSONKey.swift */; };
/* End PBXBuildFile section */

/* Begin PBXFileReference section */
		1C569671D01E6DFD8C85E158 /* Pods-MoneyManagementApp.debug.xcconfig */ = {isa = PBXFileReference; includeInIndex = 1; lastKnownFileType = text.xcconfig; name = "Pods-MoneyManagementApp.debug.xcconfig"; path = "Target Support Files/Pods-MoneyManagementApp/Pods-MoneyManagementApp.debug.xcconfig"; sourceTree = "<group>"; };
		85E32A231D5E0E067E8F483E /* Pods-MoneyManagementApp.release.xcconfig */ = {isa = PBXFileReference; includeInIndex = 1; lastKnownFileType = text.xcconfig; name = "Pods-MoneyManagementApp.release.xcconfig"; path = "Target Support Files/Pods-MoneyManagementApp/Pods-MoneyManagementApp.release.xcconfig"; sourceTree = "<group>"; };
		A56D1CA928770D0B008A508A /* MoneyManagementApp.app */ = {isa = PBXFileReference; explicitFileType = wrapper.application; includeInIndex = 0; path = MoneyManagementApp.app; sourceTree = BUILT_PRODUCTS_DIR; };
		A56D1CAC28770D0B008A508A /* AppDelegate.swift */ = {isa = PBXFileReference; lastKnownFileType = sourcecode.swift; path = AppDelegate.swift; sourceTree = "<group>"; };
		A56D1CB628770D0B008A508A /* MoneyManagementApp.xcdatamodel */ = {isa = PBXFileReference; lastKnownFileType = wrapper.xcdatamodel; path = MoneyManagementApp.xcdatamodel; sourceTree = "<group>"; };
		A56D1CB828770D0C008A508A /* Assets.xcassets */ = {isa = PBXFileReference; lastKnownFileType = folder.assetcatalog; path = Assets.xcassets; sourceTree = "<group>"; };
		A56D1CBB28770D0C008A508A /* Base */ = {isa = PBXFileReference; lastKnownFileType = file.storyboard; name = Base; path = Base.lproj/LaunchScreen.storyboard; sourceTree = "<group>"; };
		A56D1CBD28770D0C008A508A /* Info.plist */ = {isa = PBXFileReference; lastKnownFileType = text.plist.xml; path = Info.plist; sourceTree = "<group>"; };
		A56D1CC628770F39008A508A /* Extension+UIColor.swift */ = {isa = PBXFileReference; lastKnownFileType = sourcecode.swift; path = "Extension+UIColor.swift"; sourceTree = "<group>"; };
		A56D1CCB287713F4008A508A /* Extension+UIFont.swift */ = {isa = PBXFileReference; lastKnownFileType = sourcecode.swift; path = "Extension+UIFont.swift"; sourceTree = "<group>"; };
		A56D1CCE287715D5008A508A /* ConvertHelper.swift */ = {isa = PBXFileReference; lastKnownFileType = sourcecode.swift; path = ConvertHelper.swift; sourceTree = "<group>"; };
		A56D1CD128771CBC008A508A /* NormalLabel.swift */ = {isa = PBXFileReference; lastKnownFileType = sourcecode.swift; path = NormalLabel.swift; sourceTree = "<group>"; };
		A56D1CD32879F1FA008A508A /* LoginVC.swift */ = {isa = PBXFileReference; lastKnownFileType = sourcecode.swift; path = LoginVC.swift; sourceTree = "<group>"; };
		A56D1CD42879F1FA008A508A /* LoginVC.xib */ = {isa = PBXFileReference; lastKnownFileType = file.xib; path = LoginVC.xib; sourceTree = "<group>"; };
		A56D1CD7287A7734008A508A /* SignupVC.swift */ = {isa = PBXFileReference; lastKnownFileType = sourcecode.swift; path = SignupVC.swift; sourceTree = "<group>"; };
		A56D1CD8287A7734008A508A /* SignupVC.xib */ = {isa = PBXFileReference; lastKnownFileType = file.xib; path = SignupVC.xib; sourceTree = "<group>"; };
		A56D1CDB287AD360008A508A /* HomeVC.swift */ = {isa = PBXFileReference; lastKnownFileType = sourcecode.swift; path = HomeVC.swift; sourceTree = "<group>"; };
		A56D1CDC287AD360008A508A /* HomeVC.xib */ = {isa = PBXFileReference; lastKnownFileType = file.xib; path = HomeVC.xib; sourceTree = "<group>"; };
		A56D1CE0287C755C008A508A /* GoogleService-Info.plist */ = {isa = PBXFileReference; fileEncoding = 4; lastKnownFileType = text.plist.xml; path = "GoogleService-Info.plist"; sourceTree = "<group>"; };
		A5852B16287C8EF200268D8B /* MoneyManagementApp.entitlements */ = {isa = PBXFileReference; lastKnownFileType = text.plist.entitlements; path = MoneyManagementApp.entitlements; sourceTree = "<group>"; };
		DA7BB068287FF42E0068F257 /* CategoryTBVC.swift */ = {isa = PBXFileReference; lastKnownFileType = sourcecode.swift; path = CategoryTBVC.swift; sourceTree = "<group>"; };
		DA7BB069287FF42E0068F257 /* CategoryTBVC.xib */ = {isa = PBXFileReference; lastKnownFileType = file.xib; path = CategoryTBVC.xib; sourceTree = "<group>"; };
		DA7BB06D287FF7960068F257 /* ModelCategory.swift */ = {isa = PBXFileReference; lastKnownFileType = sourcecode.swift; path = ModelCategory.swift; sourceTree = "<group>"; };
		DA7BB06F288131F20068F257 /* ModelTransaction.swift */ = {isa = PBXFileReference; lastKnownFileType = sourcecode.swift; path = ModelTransaction.swift; sourceTree = "<group>"; };
		DA7BB0712884FC380068F257 /* HistoryVC.swift */ = {isa = PBXFileReference; lastKnownFileType = sourcecode.swift; path = HistoryVC.swift; sourceTree = "<group>"; };
		DA7BB0722884FC380068F257 /* HistoryVC.xib */ = {isa = PBXFileReference; lastKnownFileType = file.xib; path = HistoryVC.xib; sourceTree = "<group>"; };
		DA7BB07728851E720068F257 /* MonthTBVC.swift */ = {isa = PBXFileReference; lastKnownFileType = sourcecode.swift; path = MonthTBVC.swift; sourceTree = "<group>"; };
		DA7BB07828851E720068F257 /* MonthTBVC.xib */ = {isa = PBXFileReference; lastKnownFileType = file.xib; path = MonthTBVC.xib; sourceTree = "<group>"; };
		DA7BB07C28865F450068F257 /* ChartTBVC.swift */ = {isa = PBXFileReference; lastKnownFileType = sourcecode.swift; path = ChartTBVC.swift; sourceTree = "<group>"; };
		DA7BB08428868F670068F257 /* ModelCategories.swift */ = {isa = PBXFileReference; lastKnownFileType = sourcecode.swift; path = ModelCategories.swift; sourceTree = "<group>"; };
		DA98AA70287D527000434125 /* ReportVC.swift */ = {isa = PBXFileReference; lastKnownFileType = sourcecode.swift; path = ReportVC.swift; sourceTree = "<group>"; };
		DA98AA71287D527000434125 /* ReportVC.xib */ = {isa = PBXFileReference; lastKnownFileType = file.xib; path = ReportVC.xib; sourceTree = "<group>"; };
		DA98AA74287D52C600434125 /* AddTransactionVC.swift */ = {isa = PBXFileReference; lastKnownFileType = sourcecode.swift; path = AddTransactionVC.swift; sourceTree = "<group>"; };
		DA98AA75287D52C600434125 /* AddTransactionVC.xib */ = {isa = PBXFileReference; lastKnownFileType = file.xib; path = AddTransactionVC.xib; sourceTree = "<group>"; };
		DA98AA78287D52DC00434125 /* WalletVC.swift */ = {isa = PBXFileReference; lastKnownFileType = sourcecode.swift; path = WalletVC.swift; sourceTree = "<group>"; };
		DA98AA79287D52DC00434125 /* WalletVC.xib */ = {isa = PBXFileReference; lastKnownFileType = file.xib; path = WalletVC.xib; sourceTree = "<group>"; };
		DA98AA7C287D52F800434125 /* AccountVC.swift */ = {isa = PBXFileReference; lastKnownFileType = sourcecode.swift; path = AccountVC.swift; sourceTree = "<group>"; };
		DA98AA7D287D52F800434125 /* AccountVC.xib */ = {isa = PBXFileReference; lastKnownFileType = file.xib; path = AccountVC.xib; sourceTree = "<group>"; };
		DA98AA80287D540000434125 /* CustomTabBarController.swift */ = {isa = PBXFileReference; lastKnownFileType = sourcecode.swift; path = CustomTabBarController.swift; sourceTree = "<group>"; };
		DA98AA86287D773700434125 /* AccountTBVC.swift */ = {isa = PBXFileReference; lastKnownFileType = sourcecode.swift; path = AccountTBVC.swift; sourceTree = "<group>"; };
		DA98AA87287D773700434125 /* AccountTBVC.xib */ = {isa = PBXFileReference; lastKnownFileType = file.xib; path = AccountTBVC.xib; sourceTree = "<group>"; };
		DA98AA91287E707000434125 /* AdsTBVC.swift */ = {isa = PBXFileReference; lastKnownFileType = sourcecode.swift; path = AdsTBVC.swift; sourceTree = "<group>"; };
		DA98AA92287E707000434125 /* AdsTBVC.xib */ = {isa = PBXFileReference; lastKnownFileType = file.xib; path = AdsTBVC.xib; sourceTree = "<group>"; };
		DA98AA95287E710C00434125 /* AdsCVC.swift */ = {isa = PBXFileReference; lastKnownFileType = sourcecode.swift; path = AdsCVC.swift; sourceTree = "<group>"; };
		DA98AA96287E710C00434125 /* AdsCVC.xib */ = {isa = PBXFileReference; lastKnownFileType = file.xib; path = AdsCVC.xib; sourceTree = "<group>"; };
		DA98AA9B287E7A2A00434125 /* ads1.png */ = {isa = PBXFileReference; lastKnownFileType = image.png; path = ads1.png; sourceTree = "<group>"; };
		DA98AA9C287E7A2B00434125 /* ads2.png */ = {isa = PBXFileReference; lastKnownFileType = image.png; path = ads2.png; sourceTree = "<group>"; };
		DA98AA9F287E7E3F00434125 /* IncomeExpenseTBVC.swift */ = {isa = PBXFileReference; lastKnownFileType = sourcecode.swift; path = IncomeExpenseTBVC.swift; sourceTree = "<group>"; };
		DA98AAA0287E7E3F00434125 /* IncomeExpenseTBVC.xib */ = {isa = PBXFileReference; lastKnownFileType = file.xib; path = IncomeExpenseTBVC.xib; sourceTree = "<group>"; };
		DA98AAA3287E809000434125 /* TransactionTBVC.swift */ = {isa = PBXFileReference; lastKnownFileType = sourcecode.swift; path = TransactionTBVC.swift; sourceTree = "<group>"; };
		DA98AAA4287E809000434125 /* TransactionTBVC.xib */ = {isa = PBXFileReference; lastKnownFileType = file.xib; path = TransactionTBVC.xib; sourceTree = "<group>"; };
		DA98AAB4287FF38700434125 /* CategoryVC.swift */ = {isa = PBXFileReference; lastKnownFileType = sourcecode.swift; path = CategoryVC.swift; sourceTree = "<group>"; };
		DA98AAB5287FF38700434125 /* CategoryVC.xib */ = {isa = PBXFileReference; lastKnownFileType = file.xib; path = CategoryVC.xib; sourceTree = "<group>"; };
		DAF14ADB2887B04300A8C09A /* CategoryJSON.json */ = {isa = PBXFileReference; lastKnownFileType = text.json; path = CategoryJSON.json; sourceTree = "<group>"; };
		DAF14ADD2887F27A00A8C09A /* JSONKey.swift */ = {isa = PBXFileReference; lastKnownFileType = sourcecode.swift; path = JSONKey.swift; sourceTree = "<group>"; };
		EC88FADAC7D912CEBC421A75 /* Pods_MoneyManagementApp.framework */ = {isa = PBXFileReference; explicitFileType = wrapper.framework; includeInIndex = 0; path = Pods_MoneyManagementApp.framework; sourceTree = BUILT_PRODUCTS_DIR; };
/* End PBXFileReference section */

/* Begin PBXFrameworksBuildPhase section */
		A56D1CA628770D0B008A508A /* Frameworks */ = {
			isa = PBXFrameworksBuildPhase;
			buildActionMask = 2147483647;
			files = (
				1D2AB6F7B010CC2842D8328A /* Pods_MoneyManagementApp.framework in Frameworks */,
			);
			runOnlyForDeploymentPostprocessing = 0;
		};
/* End PBXFrameworksBuildPhase section */

/* Begin PBXGroup section */
		73F2B599FE7B568AF6C63115 /* Pods */ = {
			isa = PBXGroup;
			children = (
				1C569671D01E6DFD8C85E158 /* Pods-MoneyManagementApp.debug.xcconfig */,
				85E32A231D5E0E067E8F483E /* Pods-MoneyManagementApp.release.xcconfig */,
			);
			path = Pods;
			sourceTree = "<group>";
		};
		A56D1CA028770D0B008A508A = {
			isa = PBXGroup;
			children = (
				DAF14ADB2887B04300A8C09A /* CategoryJSON.json */,
				A56D1CAB28770D0B008A508A /* MoneyManagementApp */,
				A56D1CAA28770D0B008A508A /* Products */,
				73F2B599FE7B568AF6C63115 /* Pods */,
				D3FB57AD122360FDB7D3BC55 /* Frameworks */,
			);
			sourceTree = "<group>";
		};
		A56D1CAA28770D0B008A508A /* Products */ = {
			isa = PBXGroup;
			children = (
				A56D1CA928770D0B008A508A /* MoneyManagementApp.app */,
			);
			name = Products;
			sourceTree = "<group>";
		};
		A56D1CAB28770D0B008A508A /* MoneyManagementApp */ = {
			isa = PBXGroup;
			children = (
				A5852B16287C8EF200268D8B /* MoneyManagementApp.entitlements */,
				A56D1CAC28770D0B008A508A /* AppDelegate.swift */,
				A56D1CC428770F04008A508A /* Extension */,
				A56D1CCD2877158E008A508A /* Helpers */,
				A56D1CC328770D37008A508A /* Controllers */,
				A56D1CC528770F17008A508A /* Views */,
				DA98AA99287E797D00434125 /* Resource */,
				DA7BB06C287FF7860068F257 /* Model */,
				A56D1CB828770D0C008A508A /* Assets.xcassets */,
				A56D1CBA28770D0C008A508A /* LaunchScreen.storyboard */,
				A56D1CBD28770D0C008A508A /* Info.plist */,
				A56D1CB528770D0B008A508A /* MoneyManagementApp.xcdatamodeld */,
				A56D1CE0287C755C008A508A /* GoogleService-Info.plist */,
			);
			path = MoneyManagementApp;
			sourceTree = "<group>";
		};
		A56D1CC328770D37008A508A /* Controllers */ = {
			isa = PBXGroup;
			children = (
				DA98AA8A287E5EC500434125 /* Login */,
				DA98AA8B287E5ED100434125 /* Signup */,
				DA98AA8C287E5EE200434125 /* Home */,
				DA98AA8D287E5EEA00434125 /* Report */,
				DA98AA8E287E5EF400434125 /* AddTransaction */,
				DA98AA8F287E5EFD00434125 /* Wallet */,
				DA98AA84287D76FF00434125 /* Account */,
				DA7BB066287FF3E80068F257 /* Category */,
				DA7BB075288503770068F257 /* History */,
			);
			path = Controllers;
			sourceTree = "<group>";
		};
		A56D1CC428770F04008A508A /* Extension */ = {
			isa = PBXGroup;
			children = (
				A56D1CC628770F39008A508A /* Extension+UIColor.swift */,
				A56D1CCB287713F4008A508A /* Extension+UIFont.swift */,
			);
			path = Extension;
			sourceTree = "<group>";
		};
		A56D1CC528770F17008A508A /* Views */ = {
			isa = PBXGroup;
			children = (
				A56D1CD128771CBC008A508A /* NormalLabel.swift */,
				DA98AA80287D540000434125 /* CustomTabBarController.swift */,
			);
			path = Views;
			sourceTree = "<group>";
		};
		A56D1CCD2877158E008A508A /* Helpers */ = {
			isa = PBXGroup;
			children = (
				A56D1CCE287715D5008A508A /* ConvertHelper.swift */,
			);
			path = Helpers;
			sourceTree = "<group>";
		};
		D3FB57AD122360FDB7D3BC55 /* Frameworks */ = {
			isa = PBXGroup;
			children = (
				EC88FADAC7D912CEBC421A75 /* Pods_MoneyManagementApp.framework */,
			);
			name = Frameworks;
			sourceTree = "<group>";
		};
		DA7BB066287FF3E80068F257 /* Category */ = {
			isa = PBXGroup;
			children = (
				DA7BB067287FF4060068F257 /* Cell */,
				DA98AAB4287FF38700434125 /* CategoryVC.swift */,
				DA98AAB5287FF38700434125 /* CategoryVC.xib */,
			);
			path = Category;
			sourceTree = "<group>";
		};
		DA7BB067287FF4060068F257 /* Cell */ = {
			isa = PBXGroup;
			children = (
				DA7BB068287FF42E0068F257 /* CategoryTBVC.swift */,
				DA7BB069287FF42E0068F257 /* CategoryTBVC.xib */,
			);
			path = Cell;
			sourceTree = "<group>";
		};
		DA7BB06C287FF7860068F257 /* Model */ = {
			isa = PBXGroup;
			children = (
				DA7BB06D287FF7960068F257 /* ModelCategory.swift */,
				DA7BB08428868F670068F257 /* ModelCategories.swift */,
				DA7BB06F288131F20068F257 /* ModelTransaction.swift */,
				DAF14ADD2887F27A00A8C09A /* JSONKey.swift */,
			);
			path = Model;
			sourceTree = "<group>";
		};
		DA7BB075288503770068F257 /* History */ = {
			isa = PBXGroup;
			children = (
				DA7BB076288503840068F257 /* Cell */,
				DA7BB0712884FC380068F257 /* HistoryVC.swift */,
				DA7BB0722884FC380068F257 /* HistoryVC.xib */,
			);
			path = History;
			sourceTree = "<group>";
		};
		DA7BB076288503840068F257 /* Cell */ = {
			isa = PBXGroup;
			children = (
				DA7BB07728851E720068F257 /* MonthTBVC.swift */,
				DA7BB07828851E720068F257 /* MonthTBVC.xib */,
			);
			path = Cell;
			sourceTree = "<group>";
		};
		DA7BB07B28865EC50068F257 /* Cell */ = {
			isa = PBXGroup;
			children = (
				DA7BB07C28865F450068F257 /* ChartTBVC.swift */,
			);
			path = Cell;
			sourceTree = "<group>";
		};
		DA98AA84287D76FF00434125 /* Account */ = {
			isa = PBXGroup;
			children = (
				DA98AA85287D770900434125 /* Cell */,
				DA98AA7C287D52F800434125 /* AccountVC.swift */,
				DA98AA7D287D52F800434125 /* AccountVC.xib */,
			);
			path = Account;
			sourceTree = "<group>";
		};
		DA98AA85287D770900434125 /* Cell */ = {
			isa = PBXGroup;
			children = (
				DA98AA86287D773700434125 /* AccountTBVC.swift */,
				DA98AA87287D773700434125 /* AccountTBVC.xib */,
			);
			path = Cell;
			sourceTree = "<group>";
		};
		DA98AA8A287E5EC500434125 /* Login */ = {
			isa = PBXGroup;
			children = (
				A56D1CD32879F1FA008A508A /* LoginVC.swift */,
				A56D1CD42879F1FA008A508A /* LoginVC.xib */,
			);
			path = Login;
			sourceTree = "<group>";
		};
		DA98AA8B287E5ED100434125 /* Signup */ = {
			isa = PBXGroup;
			children = (
				A56D1CD7287A7734008A508A /* SignupVC.swift */,
				A56D1CD8287A7734008A508A /* SignupVC.xib */,
			);
			path = Signup;
			sourceTree = "<group>";
		};
		DA98AA8C287E5EE200434125 /* Home */ = {
			isa = PBXGroup;
			children = (
				DA98AA90287E5F1F00434125 /* Cell */,
				A56D1CDB287AD360008A508A /* HomeVC.swift */,
				A56D1CDC287AD360008A508A /* HomeVC.xib */,
			);
			path = Home;
			sourceTree = "<group>";
		};
		DA98AA8D287E5EEA00434125 /* Report */ = {
			isa = PBXGroup;
			children = (
				DA7BB07B28865EC50068F257 /* Cell */,
				DA98AA70287D527000434125 /* ReportVC.swift */,
				DA98AA71287D527000434125 /* ReportVC.xib */,
			);
			path = Report;
			sourceTree = "<group>";
		};
		DA98AA8E287E5EF400434125 /* AddTransaction */ = {
			isa = PBXGroup;
			children = (
				DA98AA74287D52C600434125 /* AddTransactionVC.swift */,
				DA98AA75287D52C600434125 /* AddTransactionVC.xib */,
			);
			path = AddTransaction;
			sourceTree = "<group>";
		};
		DA98AA8F287E5EFD00434125 /* Wallet */ = {
			isa = PBXGroup;
			children = (
				DA98AA78287D52DC00434125 /* WalletVC.swift */,
				DA98AA79287D52DC00434125 /* WalletVC.xib */,
			);
			path = Wallet;
			sourceTree = "<group>";
		};
		DA98AA90287E5F1F00434125 /* Cell */ = {
			isa = PBXGroup;
			children = (
				DA98AA9F287E7E3F00434125 /* IncomeExpenseTBVC.swift */,
				DA98AAA0287E7E3F00434125 /* IncomeExpenseTBVC.xib */,
				DA98AA91287E707000434125 /* AdsTBVC.swift */,
				DA98AA92287E707000434125 /* AdsTBVC.xib */,
				DA98AA95287E710C00434125 /* AdsCVC.swift */,
				DA98AA96287E710C00434125 /* AdsCVC.xib */,
				DA98AAA3287E809000434125 /* TransactionTBVC.swift */,
				DA98AAA4287E809000434125 /* TransactionTBVC.xib */,
			);
			path = Cell;
			sourceTree = "<group>";
		};
		DA98AA99287E797D00434125 /* Resource */ = {
			isa = PBXGroup;
			children = (
				DA98AA9A287E799A00434125 /* Image */,
			);
			path = Resource;
			sourceTree = "<group>";
		};
		DA98AA9A287E799A00434125 /* Image */ = {
			isa = PBXGroup;
			children = (
				DA98AA9B287E7A2A00434125 /* ads1.png */,
				DA98AA9C287E7A2B00434125 /* ads2.png */,
			);
			path = Image;
			sourceTree = "<group>";
		};
/* End PBXGroup section */

/* Begin PBXNativeTarget section */
		A56D1CA828770D0B008A508A /* MoneyManagementApp */ = {
			isa = PBXNativeTarget;
			buildConfigurationList = A56D1CC028770D0C008A508A /* Build configuration list for PBXNativeTarget "MoneyManagementApp" */;
			buildPhases = (
				EA1348944394977E0C2313B5 /* [CP] Check Pods Manifest.lock */,
				A56D1CA528770D0B008A508A /* Sources */,
				A56D1CA628770D0B008A508A /* Frameworks */,
				A56D1CA728770D0B008A508A /* Resources */,
				9BF8D128D3430896AFB2C05C /* [CP] Embed Pods Frameworks */,
			);
			buildRules = (
			);
			dependencies = (
			);
			name = MoneyManagementApp;
			productName = MoneyManagementApp;
			productReference = A56D1CA928770D0B008A508A /* MoneyManagementApp.app */;
			productType = "com.apple.product-type.application";
		};
/* End PBXNativeTarget section */

/* Begin PBXProject section */
		A56D1CA128770D0B008A508A /* Project object */ = {
			isa = PBXProject;
			attributes = {
				BuildIndependentTargetsInParallel = 1;
				LastSwiftUpdateCheck = 1340;
				LastUpgradeCheck = 1340;
				TargetAttributes = {
					A56D1CA828770D0B008A508A = {
						CreatedOnToolsVersion = 13.4;
					};
				};
			};
			buildConfigurationList = A56D1CA428770D0B008A508A /* Build configuration list for PBXProject "MoneyManagementApp" */;
			compatibilityVersion = "Xcode 13.0";
			developmentRegion = en;
			hasScannedForEncodings = 0;
			knownRegions = (
				en,
				Base,
			);
			mainGroup = A56D1CA028770D0B008A508A;
			productRefGroup = A56D1CAA28770D0B008A508A /* Products */;
			projectDirPath = "";
			projectRoot = "";
			targets = (
				A56D1CA828770D0B008A508A /* MoneyManagementApp */,
			);
		};
/* End PBXProject section */

/* Begin PBXResourcesBuildPhase section */
		A56D1CA728770D0B008A508A /* Resources */ = {
			isa = PBXResourcesBuildPhase;
			buildActionMask = 2147483647;
			files = (
				A56D1CDA287A7734008A508A /* SignupVC.xib in Resources */,
				A56D1CD62879F1FA008A508A /* LoginVC.xib in Resources */,
				A56D1CDE287AD360008A508A /* HomeVC.xib in Resources */,
				DA7BB07A28851E720068F257 /* MonthTBVC.xib in Resources */,
				DA98AA89287D773700434125 /* AccountTBVC.xib in Resources */,
				DA7BB06B287FF42E0068F257 /* CategoryTBVC.xib in Resources */,
				DA98AA9D287E7A2B00434125 /* ads1.png in Resources */,
				DA98AAA6287E809000434125 /* TransactionTBVC.xib in Resources */,
				DA98AA98287E710C00434125 /* AdsCVC.xib in Resources */,
				DA98AA7F287D52F800434125 /* AccountVC.xib in Resources */,
				A56D1CBC28770D0C008A508A /* LaunchScreen.storyboard in Resources */,
				DA98AAA2287E7E3F00434125 /* IncomeExpenseTBVC.xib in Resources */,
				DAF14ADC2887B04300A8C09A /* CategoryJSON.json in Resources */,
				DA98AA73287D527000434125 /* ReportVC.xib in Resources */,
				DA98AA7B287D52DC00434125 /* WalletVC.xib in Resources */,
				DA98AA77287D52C600434125 /* AddTransactionVC.xib in Resources */,
				DA98AA9E287E7A2B00434125 /* ads2.png in Resources */,
				DA98AAB7287FF38700434125 /* CategoryVC.xib in Resources */,
				DA98AA94287E707000434125 /* AdsTBVC.xib in Resources */,
				DA7BB0742884FC380068F257 /* HistoryVC.xib in Resources */,
				A56D1CB928770D0C008A508A /* Assets.xcassets in Resources */,
				A56D1CE1287C755C008A508A /* GoogleService-Info.plist in Resources */,
			);
			runOnlyForDeploymentPostprocessing = 0;
		};
/* End PBXResourcesBuildPhase section */

/* Begin PBXShellScriptBuildPhase section */
		9BF8D128D3430896AFB2C05C /* [CP] Embed Pods Frameworks */ = {
			isa = PBXShellScriptBuildPhase;
			buildActionMask = 2147483647;
			files = (
			);
			inputFileListPaths = (
				"${PODS_ROOT}/Target Support Files/Pods-MoneyManagementApp/Pods-MoneyManagementApp-frameworks-${CONFIGURATION}-input-files.xcfilelist",
			);
			name = "[CP] Embed Pods Frameworks";
			outputFileListPaths = (
				"${PODS_ROOT}/Target Support Files/Pods-MoneyManagementApp/Pods-MoneyManagementApp-frameworks-${CONFIGURATION}-output-files.xcfilelist",
			);
			runOnlyForDeploymentPostprocessing = 0;
			shellPath = /bin/sh;
			shellScript = "\"${PODS_ROOT}/Target Support Files/Pods-MoneyManagementApp/Pods-MoneyManagementApp-frameworks.sh\"\n";
			showEnvVarsInLog = 0;
		};
		EA1348944394977E0C2313B5 /* [CP] Check Pods Manifest.lock */ = {
			isa = PBXShellScriptBuildPhase;
			buildActionMask = 2147483647;
			files = (
			);
			inputFileListPaths = (
			);
			inputPaths = (
				"${PODS_PODFILE_DIR_PATH}/Podfile.lock",
				"${PODS_ROOT}/Manifest.lock",
			);
			name = "[CP] Check Pods Manifest.lock";
			outputFileListPaths = (
			);
			outputPaths = (
				"$(DERIVED_FILE_DIR)/Pods-MoneyManagementApp-checkManifestLockResult.txt",
			);
			runOnlyForDeploymentPostprocessing = 0;
			shellPath = /bin/sh;
			shellScript = "diff \"${PODS_PODFILE_DIR_PATH}/Podfile.lock\" \"${PODS_ROOT}/Manifest.lock\" > /dev/null\nif [ $? != 0 ] ; then\n    # print error to STDERR\n    echo \"error: The sandbox is not in sync with the Podfile.lock. Run 'pod install' or update your CocoaPods installation.\" >&2\n    exit 1\nfi\n# This output is used by Xcode 'outputs' to avoid re-running this script phase.\necho \"SUCCESS\" > \"${SCRIPT_OUTPUT_FILE_0}\"\n";
			showEnvVarsInLog = 0;
		};
/* End PBXShellScriptBuildPhase section */

/* Begin PBXSourcesBuildPhase section */
		A56D1CA528770D0B008A508A /* Sources */ = {
			isa = PBXSourcesBuildPhase;
			buildActionMask = 2147483647;
			files = (
				A56D1CCC287713F4008A508A /* Extension+UIFont.swift in Sources */,
				A56D1CDD287AD360008A508A /* HomeVC.swift in Sources */,
				A56D1CD52879F1FA008A508A /* LoginVC.swift in Sources */,
				A56D1CD9287A7734008A508A /* SignupVC.swift in Sources */,
				DA98AAA5287E809000434125 /* TransactionTBVC.swift in Sources */,
				A56D1CD228771CBC008A508A /* NormalLabel.swift in Sources */,
				DA7BB07928851E720068F257 /* MonthTBVC.swift in Sources */,
				DA7BB070288131F20068F257 /* ModelTransaction.swift in Sources */,
				DA98AA93287E707000434125 /* AdsTBVC.swift in Sources */,
				DA7BB06E287FF7960068F257 /* ModelCategory.swift in Sources */,
				A56D1CCF287715D5008A508A /* ConvertHelper.swift in Sources */,
				DA98AA72287D527000434125 /* ReportVC.swift in Sources */,
				DA98AA97287E710C00434125 /* AdsCVC.swift in Sources */,
				DA7BB07D28865F450068F257 /* ChartTBVC.swift in Sources */,
				DA98AAB6287FF38700434125 /* CategoryVC.swift in Sources */,
				DA7BB0732884FC380068F257 /* HistoryVC.swift in Sources */,
				DA98AA7A287D52DC00434125 /* WalletVC.swift in Sources */,
				DA98AA82287D540000434125 /* CustomTabBarController.swift in Sources */,
				DAF14ADE2887F27A00A8C09A /* JSONKey.swift in Sources */,
				A56D1CB728770D0B008A508A /* MoneyManagementApp.xcdatamodeld in Sources */,
				DA7BB06A287FF42E0068F257 /* CategoryTBVC.swift in Sources */,
				DA7BB08528868F670068F257 /* ModelCategories.swift in Sources */,
				DA98AA88287D773700434125 /* AccountTBVC.swift in Sources */,
				DA98AA76287D52C600434125 /* AddTransactionVC.swift in Sources */,
				DA98AAA1287E7E3F00434125 /* IncomeExpenseTBVC.swift in Sources */,
				A56D1CAD28770D0B008A508A /* AppDelegate.swift in Sources */,
				A56D1CC728770F39008A508A /* Extension+UIColor.swift in Sources */,
				DA98AA7E287D52F800434125 /* AccountVC.swift in Sources */,
			);
			runOnlyForDeploymentPostprocessing = 0;
		};
/* End PBXSourcesBuildPhase section */

/* Begin PBXVariantGroup section */
		A56D1CBA28770D0C008A508A /* LaunchScreen.storyboard */ = {
			isa = PBXVariantGroup;
			children = (
				A56D1CBB28770D0C008A508A /* Base */,
			);
			name = LaunchScreen.storyboard;
			sourceTree = "<group>";
		};
/* End PBXVariantGroup section */

/* Begin XCBuildConfiguration section */
		A56D1CBE28770D0C008A508A /* Debug */ = {
			isa = XCBuildConfiguration;
			buildSettings = {
				ALWAYS_SEARCH_USER_PATHS = NO;
				CLANG_ANALYZER_NONNULL = YES;
				CLANG_ANALYZER_NUMBER_OBJECT_CONVERSION = YES_AGGRESSIVE;
				CLANG_CXX_LANGUAGE_STANDARD = "gnu++17";
				CLANG_ENABLE_MODULES = YES;
				CLANG_ENABLE_OBJC_ARC = YES;
				CLANG_ENABLE_OBJC_WEAK = YES;
				CLANG_WARN_BLOCK_CAPTURE_AUTORELEASING = YES;
				CLANG_WARN_BOOL_CONVERSION = YES;
				CLANG_WARN_COMMA = YES;
				CLANG_WARN_CONSTANT_CONVERSION = YES;
				CLANG_WARN_DEPRECATED_OBJC_IMPLEMENTATIONS = YES;
				CLANG_WARN_DIRECT_OBJC_ISA_USAGE = YES_ERROR;
				CLANG_WARN_DOCUMENTATION_COMMENTS = YES;
				CLANG_WARN_EMPTY_BODY = YES;
				CLANG_WARN_ENUM_CONVERSION = YES;
				CLANG_WARN_INFINITE_RECURSION = YES;
				CLANG_WARN_INT_CONVERSION = YES;
				CLANG_WARN_NON_LITERAL_NULL_CONVERSION = YES;
				CLANG_WARN_OBJC_IMPLICIT_RETAIN_SELF = YES;
				CLANG_WARN_OBJC_LITERAL_CONVERSION = YES;
				CLANG_WARN_OBJC_ROOT_CLASS = YES_ERROR;
				CLANG_WARN_QUOTED_INCLUDE_IN_FRAMEWORK_HEADER = YES;
				CLANG_WARN_RANGE_LOOP_ANALYSIS = YES;
				CLANG_WARN_STRICT_PROTOTYPES = YES;
				CLANG_WARN_SUSPICIOUS_MOVE = YES;
				CLANG_WARN_UNGUARDED_AVAILABILITY = YES_AGGRESSIVE;
				CLANG_WARN_UNREACHABLE_CODE = YES;
				CLANG_WARN__DUPLICATE_METHOD_MATCH = YES;
				COPY_PHASE_STRIP = NO;
				DEBUG_INFORMATION_FORMAT = dwarf;
				ENABLE_STRICT_OBJC_MSGSEND = YES;
				ENABLE_TESTABILITY = YES;
				GCC_C_LANGUAGE_STANDARD = gnu11;
				GCC_DYNAMIC_NO_PIC = NO;
				GCC_NO_COMMON_BLOCKS = YES;
				GCC_OPTIMIZATION_LEVEL = 0;
				GCC_PREPROCESSOR_DEFINITIONS = (
					"DEBUG=1",
					"$(inherited)",
				);
				GCC_WARN_64_TO_32_BIT_CONVERSION = YES;
				GCC_WARN_ABOUT_RETURN_TYPE = YES_ERROR;
				GCC_WARN_UNDECLARED_SELECTOR = YES;
				GCC_WARN_UNINITIALIZED_AUTOS = YES_AGGRESSIVE;
				GCC_WARN_UNUSED_FUNCTION = YES;
				GCC_WARN_UNUSED_VARIABLE = YES;
				IPHONEOS_DEPLOYMENT_TARGET = 13.0;
				MTL_ENABLE_DEBUG_INFO = INCLUDE_SOURCE;
				MTL_FAST_MATH = YES;
				ONLY_ACTIVE_ARCH = YES;
				SDKROOT = iphoneos;
				SWIFT_ACTIVE_COMPILATION_CONDITIONS = DEBUG;
				SWIFT_OPTIMIZATION_LEVEL = "-Onone";
			};
			name = Debug;
		};
		A56D1CBF28770D0C008A508A /* Release */ = {
			isa = XCBuildConfiguration;
			buildSettings = {
				ALWAYS_SEARCH_USER_PATHS = NO;
				CLANG_ANALYZER_NONNULL = YES;
				CLANG_ANALYZER_NUMBER_OBJECT_CONVERSION = YES_AGGRESSIVE;
				CLANG_CXX_LANGUAGE_STANDARD = "gnu++17";
				CLANG_ENABLE_MODULES = YES;
				CLANG_ENABLE_OBJC_ARC = YES;
				CLANG_ENABLE_OBJC_WEAK = YES;
				CLANG_WARN_BLOCK_CAPTURE_AUTORELEASING = YES;
				CLANG_WARN_BOOL_CONVERSION = YES;
				CLANG_WARN_COMMA = YES;
				CLANG_WARN_CONSTANT_CONVERSION = YES;
				CLANG_WARN_DEPRECATED_OBJC_IMPLEMENTATIONS = YES;
				CLANG_WARN_DIRECT_OBJC_ISA_USAGE = YES_ERROR;
				CLANG_WARN_DOCUMENTATION_COMMENTS = YES;
				CLANG_WARN_EMPTY_BODY = YES;
				CLANG_WARN_ENUM_CONVERSION = YES;
				CLANG_WARN_INFINITE_RECURSION = YES;
				CLANG_WARN_INT_CONVERSION = YES;
				CLANG_WARN_NON_LITERAL_NULL_CONVERSION = YES;
				CLANG_WARN_OBJC_IMPLICIT_RETAIN_SELF = YES;
				CLANG_WARN_OBJC_LITERAL_CONVERSION = YES;
				CLANG_WARN_OBJC_ROOT_CLASS = YES_ERROR;
				CLANG_WARN_QUOTED_INCLUDE_IN_FRAMEWORK_HEADER = YES;
				CLANG_WARN_RANGE_LOOP_ANALYSIS = YES;
				CLANG_WARN_STRICT_PROTOTYPES = YES;
				CLANG_WARN_SUSPICIOUS_MOVE = YES;
				CLANG_WARN_UNGUARDED_AVAILABILITY = YES_AGGRESSIVE;
				CLANG_WARN_UNREACHABLE_CODE = YES;
				CLANG_WARN__DUPLICATE_METHOD_MATCH = YES;
				COPY_PHASE_STRIP = NO;
				DEBUG_INFORMATION_FORMAT = "dwarf-with-dsym";
				ENABLE_NS_ASSERTIONS = NO;
				ENABLE_STRICT_OBJC_MSGSEND = YES;
				GCC_C_LANGUAGE_STANDARD = gnu11;
				GCC_NO_COMMON_BLOCKS = YES;
				GCC_WARN_64_TO_32_BIT_CONVERSION = YES;
				GCC_WARN_ABOUT_RETURN_TYPE = YES_ERROR;
				GCC_WARN_UNDECLARED_SELECTOR = YES;
				GCC_WARN_UNINITIALIZED_AUTOS = YES_AGGRESSIVE;
				GCC_WARN_UNUSED_FUNCTION = YES;
				GCC_WARN_UNUSED_VARIABLE = YES;
				IPHONEOS_DEPLOYMENT_TARGET = 13.0;
				MTL_ENABLE_DEBUG_INFO = NO;
				MTL_FAST_MATH = YES;
				SDKROOT = iphoneos;
				SWIFT_COMPILATION_MODE = wholemodule;
				SWIFT_OPTIMIZATION_LEVEL = "-O";
				VALIDATE_PRODUCT = YES;
			};
			name = Release;
		};
		A56D1CC128770D0C008A508A /* Debug */ = {
			isa = XCBuildConfiguration;
			baseConfigurationReference = 1C569671D01E6DFD8C85E158 /* Pods-MoneyManagementApp.debug.xcconfig */;
			buildSettings = {
				ASSETCATALOG_COMPILER_APPICON_NAME = AppIcon;
				ASSETCATALOG_COMPILER_GLOBAL_ACCENT_COLOR_NAME = AccentColor;
				CODE_SIGN_ENTITLEMENTS = MoneyManagementApp/MoneyManagementApp.entitlements;
				CODE_SIGN_STYLE = Automatic;
				CURRENT_PROJECT_VERSION = 1;
				DEVELOPMENT_TEAM = V36979MSZD;
				GENERATE_INFOPLIST_FILE = YES;
				INFOPLIST_FILE = MoneyManagementApp/Info.plist;
				INFOPLIST_KEY_UIApplicationSupportsIndirectInputEvents = YES;
				INFOPLIST_KEY_UILaunchStoryboardName = LaunchScreen;
				INFOPLIST_KEY_UISupportedInterfaceOrientations_iPad = "UIInterfaceOrientationPortrait UIInterfaceOrientationPortraitUpsideDown UIInterfaceOrientationLandscapeLeft UIInterfaceOrientationLandscapeRight";
				INFOPLIST_KEY_UISupportedInterfaceOrientations_iPhone = "UIInterfaceOrientationPortrait UIInterfaceOrientationLandscapeLeft UIInterfaceOrientationLandscapeRight";
				IPHONEOS_DEPLOYMENT_TARGET = 13.0;
				LD_RUNPATH_SEARCH_PATHS = (
					"$(inherited)",
					"@executable_path/Frameworks",
				);
				MARKETING_VERSION = 1.0;
				PRODUCT_BUNDLE_IDENTIFIER = tuna.MoneyManagementApp;
				PRODUCT_NAME = "$(TARGET_NAME)";
				SWIFT_EMIT_LOC_STRINGS = YES;
				SWIFT_VERSION = 5.0;
				TARGETED_DEVICE_FAMILY = "1,2";
			};
			name = Debug;
		};
		A56D1CC228770D0C008A508A /* Release */ = {
			isa = XCBuildConfiguration;
			baseConfigurationReference = 85E32A231D5E0E067E8F483E /* Pods-MoneyManagementApp.release.xcconfig */;
			buildSettings = {
				ASSETCATALOG_COMPILER_APPICON_NAME = AppIcon;
				ASSETCATALOG_COMPILER_GLOBAL_ACCENT_COLOR_NAME = AccentColor;
				CODE_SIGN_ENTITLEMENTS = MoneyManagementApp/MoneyManagementApp.entitlements;
				CODE_SIGN_STYLE = Automatic;
				CURRENT_PROJECT_VERSION = 1;
				DEVELOPMENT_TEAM = V36979MSZD;
				GENERATE_INFOPLIST_FILE = YES;
				INFOPLIST_FILE = MoneyManagementApp/Info.plist;
				INFOPLIST_KEY_UIApplicationSupportsIndirectInputEvents = YES;
				INFOPLIST_KEY_UILaunchStoryboardName = LaunchScreen;
				INFOPLIST_KEY_UISupportedInterfaceOrientations_iPad = "UIInterfaceOrientationPortrait UIInterfaceOrientationPortraitUpsideDown UIInterfaceOrientationLandscapeLeft UIInterfaceOrientationLandscapeRight";
				INFOPLIST_KEY_UISupportedInterfaceOrientations_iPhone = "UIInterfaceOrientationPortrait UIInterfaceOrientationLandscapeLeft UIInterfaceOrientationLandscapeRight";
				IPHONEOS_DEPLOYMENT_TARGET = 13.0;
				LD_RUNPATH_SEARCH_PATHS = (
					"$(inherited)",
					"@executable_path/Frameworks",
				);
				MARKETING_VERSION = 1.0;
				PRODUCT_BUNDLE_IDENTIFIER = tuna.MoneyManagementApp;
				PRODUCT_NAME = "$(TARGET_NAME)";
				SWIFT_EMIT_LOC_STRINGS = YES;
				SWIFT_VERSION = 5.0;
				TARGETED_DEVICE_FAMILY = "1,2";
			};
			name = Release;
		};
/* End XCBuildConfiguration section */

/* Begin XCConfigurationList section */
		A56D1CA428770D0B008A508A /* Build configuration list for PBXProject "MoneyManagementApp" */ = {
			isa = XCConfigurationList;
			buildConfigurations = (
				A56D1CBE28770D0C008A508A /* Debug */,
				A56D1CBF28770D0C008A508A /* Release */,
			);
			defaultConfigurationIsVisible = 0;
			defaultConfigurationName = Release;
		};
		A56D1CC028770D0C008A508A /* Build configuration list for PBXNativeTarget "MoneyManagementApp" */ = {
			isa = XCConfigurationList;
			buildConfigurations = (
				A56D1CC128770D0C008A508A /* Debug */,
				A56D1CC228770D0C008A508A /* Release */,
			);
			defaultConfigurationIsVisible = 0;
			defaultConfigurationName = Release;
		};
/* End XCConfigurationList section */

/* Begin XCVersionGroup section */
		A56D1CB528770D0B008A508A /* MoneyManagementApp.xcdatamodeld */ = {
			isa = XCVersionGroup;
			children = (
				A56D1CB628770D0B008A508A /* MoneyManagementApp.xcdatamodel */,
			);
			currentVersion = A56D1CB628770D0B008A508A /* MoneyManagementApp.xcdatamodel */;
			path = MoneyManagementApp.xcdatamodeld;
			sourceTree = "<group>";
			versionGroupType = wrapper.xcdatamodel;
		};
/* End XCVersionGroup section */
	};
	rootObject = A56D1CA128770D0B008A508A /* Project object */;
}
